// !$*UTF8*$!
{
	archiveVersion = 1;
	classes = {
	};
	objectVersion = 46;
	objects = {

/* Begin PBXBuildFile section */
		36015FFE156145B500FE589D /* UIKit.framework in Frameworks */ = {isa = PBXBuildFile; fileRef = 36015FFD156145B500FE589D /* UIKit.framework */; };
		36016000156145B500FE589D /* Foundation.framework in Frameworks */ = {isa = PBXBuildFile; fileRef = 36015FFF156145B500FE589D /* Foundation.framework */; };
		36016002156145B500FE589D /* CoreGraphics.framework in Frameworks */ = {isa = PBXBuildFile; fileRef = 36016001156145B500FE589D /* CoreGraphics.framework */; };
		36016008156145B500FE589D /* InfoPlist.strings in Resources */ = {isa = PBXBuildFile; fileRef = 36016006156145B500FE589D /* InfoPlist.strings */; };
		3601600A156145B500FE589D /* main.m in Sources */ = {isa = PBXBuildFile; fileRef = 36016009156145B500FE589D /* main.m */; };
		3601600E156145B500FE589D /* AppDelegate.m in Sources */ = {isa = PBXBuildFile; fileRef = 3601600D156145B500FE589D /* AppDelegate.m */; };
		36016011156145B500FE589D /* MainStoryboard.storyboard in Resources */ = {isa = PBXBuildFile; fileRef = 3601600F156145B500FE589D /* MainStoryboard.storyboard */; };
		36016014156145B500FE589D /* ViewController.m in Sources */ = {isa = PBXBuildFile; fileRef = 36016013156145B500FE589D /* ViewController.m */; };
		3601601C156145B500FE589D /* SenTestingKit.framework in Frameworks */ = {isa = PBXBuildFile; fileRef = 3601601B156145B500FE589D /* SenTestingKit.framework */; };
		3601601D156145B500FE589D /* UIKit.framework in Frameworks */ = {isa = PBXBuildFile; fileRef = 36015FFD156145B500FE589D /* UIKit.framework */; };
		3601601E156145B500FE589D /* Foundation.framework in Frameworks */ = {isa = PBXBuildFile; fileRef = 36015FFF156145B500FE589D /* Foundation.framework */; };
		36016026156145B500FE589D /* InfoPlist.strings in Resources */ = {isa = PBXBuildFile; fileRef = 36016024156145B500FE589D /* InfoPlist.strings */; };
		36016029156145B500FE589D /* InstamapTests.m in Sources */ = {isa = PBXBuildFile; fileRef = 36016028156145B500FE589D /* InstamapTests.m */; };
		360160361561472D00FE589D /* JUInstagramAPI.m in Sources */ = {isa = PBXBuildFile; fileRef = 360160351561472D00FE589D /* JUInstagramAPI.m */; };
		36016038156148A700FE589D /* MapKit.framework in Frameworks */ = {isa = PBXBuildFile; fileRef = 36016037156148A700FE589D /* MapKit.framework */; };
		362BEFF015853A1A0090BED9 /* SystemConfiguration.framework in Frameworks */ = {isa = PBXBuildFile; fileRef = 362BEFEF15853A1A0090BED9 /* SystemConfiguration.framework */; };
		363C983C158536AB004D7EB6 /* CFNetwork.framework in Frameworks */ = {isa = PBXBuildFile; fileRef = 363C983B158536AB004D7EB6 /* CFNetwork.framework */; };
		363C983E158536B2004D7EB6 /* CoreData.framework in Frameworks */ = {isa = PBXBuildFile; fileRef = 363C983D158536B2004D7EB6 /* CoreData.framework */; };
		363C9840158536BB004D7EB6 /* Security.framework in Frameworks */ = {isa = PBXBuildFile; fileRef = 363C983F158536BB004D7EB6 /* Security.framework */; };
		363C9842158536C2004D7EB6 /* MobileCoreServices.framework in Frameworks */ = {isa = PBXBuildFile; fileRef = 363C9841158536C2004D7EB6 /* MobileCoreServices.framework */; };
		363C9844158536E5004D7EB6 /* libxml2.dylib in Frameworks */ = {isa = PBXBuildFile; fileRef = 363C9843158536E5004D7EB6 /* libxml2.dylib */; };
		363C9846158536F3004D7EB6 /* libRestKit.a in Frameworks */ = {isa = PBXBuildFile; fileRef = 363C9845158536F3004D7EB6 /* libRestKit.a */; };
		363C98481585370B004D7EB6 /* QuartzCore.framework in Frameworks */ = {isa = PBXBuildFile; fileRef = 363C98471585370B004D7EB6 /* QuartzCore.framework */; };
		3660B79415848BEF007DA074 /* CoreLocation.framework in Frameworks */ = {isa = PBXBuildFile; fileRef = 3660B79315848BEF007DA074 /* CoreLocation.framework */; };
		3660B79C15849021007DA074 /* PhotoPinView.m in Sources */ = {isa = PBXBuildFile; fileRef = 3660B79B15849021007DA074 /* PhotoPinView.m */; };
		3660B79F15849394007DA074 /* JUInstagramAPIPhotoObject.m in Sources */ = {isa = PBXBuildFile; fileRef = 3660B79E15849394007DA074 /* JUInstagramAPIPhotoObject.m */; };
/* End PBXBuildFile section */

/* Begin PBXContainerItemProxy section */
		3601601F156145B500FE589D /* PBXContainerItemProxy */ = {
			isa = PBXContainerItemProxy;
			containerPortal = 36015FF0156145B500FE589D /* Project object */;
			proxyType = 1;
			remoteGlobalIDString = 36015FF8156145B500FE589D;
			remoteInfo = Instamap;
		};
/* End PBXContainerItemProxy section */

/* Begin PBXFileReference section */
		36015FF9156145B500FE589D /* Instamap.app */ = {isa = PBXFileReference; explicitFileType = wrapper.application; includeInIndex = 0; path = Instamap.app; sourceTree = BUILT_PRODUCTS_DIR; };
		36015FFD156145B500FE589D /* UIKit.framework */ = {isa = PBXFileReference; lastKnownFileType = wrapper.framework; name = UIKit.framework; path = System/Library/Frameworks/UIKit.framework; sourceTree = SDKROOT; };
		36015FFF156145B500FE589D /* Foundation.framework */ = {isa = PBXFileReference; lastKnownFileType = wrapper.framework; name = Foundation.framework; path = System/Library/Frameworks/Foundation.framework; sourceTree = SDKROOT; };
		36016001156145B500FE589D /* CoreGraphics.framework */ = {isa = PBXFileReference; lastKnownFileType = wrapper.framework; name = CoreGraphics.framework; path = System/Library/Frameworks/CoreGraphics.framework; sourceTree = SDKROOT; };
		36016005156145B500FE589D /* Instamap-Info.plist */ = {isa = PBXFileReference; lastKnownFileType = text.plist.xml; path = "Instamap-Info.plist"; sourceTree = "<group>"; };
		36016007156145B500FE589D /* en */ = {isa = PBXFileReference; lastKnownFileType = text.plist.strings; name = en; path = en.lproj/InfoPlist.strings; sourceTree = "<group>"; };
		36016009156145B500FE589D /* main.m */ = {isa = PBXFileReference; lastKnownFileType = sourcecode.c.objc; path = main.m; sourceTree = "<group>"; };
		3601600B156145B500FE589D /* Instamap-Prefix.pch */ = {isa = PBXFileReference; lastKnownFileType = sourcecode.c.h; path = "Instamap-Prefix.pch"; sourceTree = "<group>"; };
		3601600C156145B500FE589D /* AppDelegate.h */ = {isa = PBXFileReference; lastKnownFileType = sourcecode.c.h; path = AppDelegate.h; sourceTree = "<group>"; };
		3601600D156145B500FE589D /* AppDelegate.m */ = {isa = PBXFileReference; lastKnownFileType = sourcecode.c.objc; path = AppDelegate.m; sourceTree = "<group>"; };
		36016010156145B500FE589D /* en */ = {isa = PBXFileReference; lastKnownFileType = file.storyboard; name = en; path = en.lproj/MainStoryboard.storyboard; sourceTree = "<group>"; };
		36016012156145B500FE589D /* ViewController.h */ = {isa = PBXFileReference; lastKnownFileType = sourcecode.c.h; path = ViewController.h; sourceTree = "<group>"; };
		36016013156145B500FE589D /* ViewController.m */ = {isa = PBXFileReference; lastKnownFileType = sourcecode.c.objc; path = ViewController.m; sourceTree = "<group>"; };
		3601601A156145B500FE589D /* InstamapTests.octest */ = {isa = PBXFileReference; explicitFileType = wrapper.cfbundle; includeInIndex = 0; path = InstamapTests.octest; sourceTree = BUILT_PRODUCTS_DIR; };
		3601601B156145B500FE589D /* SenTestingKit.framework */ = {isa = PBXFileReference; lastKnownFileType = wrapper.framework; name = SenTestingKit.framework; path = Library/Frameworks/SenTestingKit.framework; sourceTree = DEVELOPER_DIR; };
		36016023156145B500FE589D /* InstamapTests-Info.plist */ = {isa = PBXFileReference; lastKnownFileType = text.plist.xml; path = "InstamapTests-Info.plist"; sourceTree = "<group>"; };
		36016025156145B500FE589D /* en */ = {isa = PBXFileReference; lastKnownFileType = text.plist.strings; name = en; path = en.lproj/InfoPlist.strings; sourceTree = "<group>"; };
		36016027156145B500FE589D /* InstamapTests.h */ = {isa = PBXFileReference; lastKnownFileType = sourcecode.c.h; path = InstamapTests.h; sourceTree = "<group>"; };
		36016028156145B500FE589D /* InstamapTests.m */ = {isa = PBXFileReference; lastKnownFileType = sourcecode.c.objc; path = InstamapTests.m; sourceTree = "<group>"; };
		360160341561472D00FE589D /* JUInstagramAPI.h */ = {isa = PBXFileReference; fileEncoding = 4; lastKnownFileType = sourcecode.c.h; path = JUInstagramAPI.h; sourceTree = "<group>"; };
		360160351561472D00FE589D /* JUInstagramAPI.m */ = {isa = PBXFileReference; fileEncoding = 4; lastKnownFileType = sourcecode.c.objc; path = JUInstagramAPI.m; sourceTree = "<group>"; };
		36016037156148A700FE589D /* MapKit.framework */ = {isa = PBXFileReference; lastKnownFileType = wrapper.framework; name = MapKit.framework; path = System/Library/Frameworks/MapKit.framework; sourceTree = SDKROOT; };
		362BEFEF15853A1A0090BED9 /* SystemConfiguration.framework */ = {isa = PBXFileReference; lastKnownFileType = wrapper.framework; name = SystemConfiguration.framework; path = System/Library/Frameworks/SystemConfiguration.framework; sourceTree = SDKROOT; };
		363C983B158536AB004D7EB6 /* CFNetwork.framework */ = {isa = PBXFileReference; lastKnownFileType = wrapper.framework; name = CFNetwork.framework; path = System/Library/Frameworks/CFNetwork.framework; sourceTree = SDKROOT; };
		363C983D158536B2004D7EB6 /* CoreData.framework */ = {isa = PBXFileReference; lastKnownFileType = wrapper.framework; name = CoreData.framework; path = System/Library/Frameworks/CoreData.framework; sourceTree = SDKROOT; };
		363C983F158536BB004D7EB6 /* Security.framework */ = {isa = PBXFileReference; lastKnownFileType = wrapper.framework; name = Security.framework; path = System/Library/Frameworks/Security.framework; sourceTree = SDKROOT; };
		363C9841158536C2004D7EB6 /* MobileCoreServices.framework */ = {isa = PBXFileReference; lastKnownFileType = wrapper.framework; name = MobileCoreServices.framework; path = System/Library/Frameworks/MobileCoreServices.framework; sourceTree = SDKROOT; };
		363C9843158536E5004D7EB6 /* libxml2.dylib */ = {isa = PBXFileReference; lastKnownFileType = "compiled.mach-o.dylib"; name = libxml2.dylib; path = usr/lib/libxml2.dylib; sourceTree = SDKROOT; };
		363C9845158536F3004D7EB6 /* libRestKit.a */ = {isa = PBXFileReference; lastKnownFileType = archive.ar; name = libRestKit.a; path = "../../../../../../../Library/Developer/Xcode/DerivedData/Instamap-beuhjdyhcyyepdbjrjgisfgwutet/Build/Products/Debug-iphoneos/libRestKit.a"; sourceTree = "<group>"; };
		363C98471585370B004D7EB6 /* QuartzCore.framework */ = {isa = PBXFileReference; lastKnownFileType = wrapper.framework; name = QuartzCore.framework; path = System/Library/Frameworks/QuartzCore.framework; sourceTree = SDKROOT; };
		3660B79315848BEF007DA074 /* CoreLocation.framework */ = {isa = PBXFileReference; lastKnownFileType = wrapper.framework; name = CoreLocation.framework; path = System/Library/Frameworks/CoreLocation.framework; sourceTree = SDKROOT; };
		3660B79A15849021007DA074 /* PhotoPinView.h */ = {isa = PBXFileReference; fileEncoding = 4; lastKnownFileType = sourcecode.c.h; path = PhotoPinView.h; sourceTree = "<group>"; };
		3660B79B15849021007DA074 /* PhotoPinView.m */ = {isa = PBXFileReference; fileEncoding = 4; lastKnownFileType = sourcecode.c.objc; path = PhotoPinView.m; sourceTree = "<group>"; };
		3660B79D15849394007DA074 /* JUInstagramAPIPhotoObject.h */ = {isa = PBXFileReference; fileEncoding = 4; lastKnownFileType = sourcecode.c.h; path = JUInstagramAPIPhotoObject.h; sourceTree = "<group>"; };
		3660B79E15849394007DA074 /* JUInstagramAPIPhotoObject.m */ = {isa = PBXFileReference; fileEncoding = 4; lastKnownFileType = sourcecode.c.objc; path = JUInstagramAPIPhotoObject.m; sourceTree = "<group>"; };
/* End PBXFileReference section */

/* Begin PBXFrameworksBuildPhase section */
		36015FF6156145B500FE589D /* Frameworks */ = {
			isa = PBXFrameworksBuildPhase;
			buildActionMask = 2147483647;
			files = (
				362BEFF015853A1A0090BED9 /* SystemConfiguration.framework in Frameworks */,
				363C98481585370B004D7EB6 /* QuartzCore.framework in Frameworks */,
				363C9846158536F3004D7EB6 /* libRestKit.a in Frameworks */,
				363C9844158536E5004D7EB6 /* libxml2.dylib in Frameworks */,
				363C9842158536C2004D7EB6 /* MobileCoreServices.framework in Frameworks */,
				363C9840158536BB004D7EB6 /* Security.framework in Frameworks */,
				363C983E158536B2004D7EB6 /* CoreData.framework in Frameworks */,
				363C983C158536AB004D7EB6 /* CFNetwork.framework in Frameworks */,
				3660B79415848BEF007DA074 /* CoreLocation.framework in Frameworks */,
				36016038156148A700FE589D /* MapKit.framework in Frameworks */,
				36015FFE156145B500FE589D /* UIKit.framework in Frameworks */,
				36016000156145B500FE589D /* Foundation.framework in Frameworks */,
				36016002156145B500FE589D /* CoreGraphics.framework in Frameworks */,
			);
			runOnlyForDeploymentPostprocessing = 0;
		};
		36016016156145B500FE589D /* Frameworks */ = {
			isa = PBXFrameworksBuildPhase;
			buildActionMask = 2147483647;
			files = (
				3601601C156145B500FE589D /* SenTestingKit.framework in Frameworks */,
				3601601D156145B500FE589D /* UIKit.framework in Frameworks */,
				3601601E156145B500FE589D /* Foundation.framework in Frameworks */,
			);
			runOnlyForDeploymentPostprocessing = 0;
		};
/* End PBXFrameworksBuildPhase section */

/* Begin PBXGroup section */
		36015FEE156145B500FE589D = {
			isa = PBXGroup;
			children = (
				36016003156145B500FE589D /* Instamap */,
				36016021156145B500FE589D /* InstamapTests */,
				36015FFC156145B500FE589D /* Frameworks */,
				36015FFA156145B500FE589D /* Products */,
			);
			sourceTree = "<group>";
		};
		36015FFA156145B500FE589D /* Products */ = {
			isa = PBXGroup;
			children = (
				36015FF9156145B500FE589D /* Instamap.app */,
				3601601A156145B500FE589D /* InstamapTests.octest */,
			);
			name = Products;
			sourceTree = "<group>";
		};
		36015FFC156145B500FE589D /* Frameworks */ = {
			isa = PBXGroup;
			children = (
				3660B79315848BEF007DA074 /* CoreLocation.framework */,
				36016037156148A700FE589D /* MapKit.framework */,
				36015FFD156145B500FE589D /* UIKit.framework */,
				36015FFF156145B500FE589D /* Foundation.framework */,
				36016001156145B500FE589D /* CoreGraphics.framework */,
				3601601B156145B500FE589D /* SenTestingKit.framework */,
				363C98471585370B004D7EB6 /* QuartzCore.framework */,
				363C9845158536F3004D7EB6 /* libRestKit.a */,
				363C9843158536E5004D7EB6 /* libxml2.dylib */,
				363C9841158536C2004D7EB6 /* MobileCoreServices.framework */,
				363C983F158536BB004D7EB6 /* Security.framework */,
				363C983D158536B2004D7EB6 /* CoreData.framework */,
				363C983B158536AB004D7EB6 /* CFNetwork.framework */,
				362BEFEF15853A1A0090BED9 /* SystemConfiguration.framework */,
			);
			name = Frameworks;
			sourceTree = "<group>";
		};
		36016003156145B500FE589D /* Instamap */ = {
			isa = PBXGroup;
			children = (
				3601600C156145B500FE589D /* AppDelegate.h */,
				3601600D156145B500FE589D /* AppDelegate.m */,
				3601600F156145B500FE589D /* MainStoryboard.storyboard */,
				36016033156146DD00FE589D /* Screens */,
				36016032156146C400FE589D /* Instagram API */,
				36016004156145B500FE589D /* Supporting Files */,
			);
			path = Instamap;
			sourceTree = "<group>";
		};
		36016004156145B500FE589D /* Supporting Files */ = {
			isa = PBXGroup;
			children = (
				36016005156145B500FE589D /* Instamap-Info.plist */,
				36016006156145B500FE589D /* InfoPlist.strings */,
				36016009156145B500FE589D /* main.m */,
				3601600B156145B500FE589D /* Instamap-Prefix.pch */,
			);
			name = "Supporting Files";
			sourceTree = "<group>";
		};
		36016021156145B500FE589D /* InstamapTests */ = {
			isa = PBXGroup;
			children = (
				36016027156145B500FE589D /* InstamapTests.h */,
				36016028156145B500FE589D /* InstamapTests.m */,
				36016022156145B500FE589D /* Supporting Files */,
			);
			path = InstamapTests;
			sourceTree = "<group>";
		};
		36016022156145B500FE589D /* Supporting Files */ = {
			isa = PBXGroup;
			children = (
				36016023156145B500FE589D /* InstamapTests-Info.plist */,
				36016024156145B500FE589D /* InfoPlist.strings */,
			);
			name = "Supporting Files";
			sourceTree = "<group>";
		};
		36016032156146C400FE589D /* Instagram API */ = {
			isa = PBXGroup;
			children = (
				360160341561472D00FE589D /* JUInstagramAPI.h */,
				360160351561472D00FE589D /* JUInstagramAPI.m */,
				3660B79D15849394007DA074 /* JUInstagramAPIPhotoObject.h */,
				3660B79E15849394007DA074 /* JUInstagramAPIPhotoObject.m */,
			);
			name = "Instagram API";
			sourceTree = "<group>";
		};
		36016033156146DD00FE589D /* Screens */ = {
			isa = PBXGroup;
			children = (
				36016012156145B500FE589D /* ViewController.h */,
				36016013156145B500FE589D /* ViewController.m */,
				3660B79A15849021007DA074 /* PhotoPinView.h */,
				3660B79B15849021007DA074 /* PhotoPinView.m */,
			);
			name = Screens;
			sourceTree = "<group>";
		};
/* End PBXGroup section */

/* Begin PBXNativeTarget section */
		36015FF8156145B500FE589D /* Instamap */ = {
			isa = PBXNativeTarget;
			buildConfigurationList = 3601602C156145B500FE589D /* Build configuration list for PBXNativeTarget "Instamap" */;
			buildPhases = (
				36015FF5156145B500FE589D /* Sources */,
				36015FF6156145B500FE589D /* Frameworks */,
				36015FF7156145B500FE589D /* Resources */,
			);
			buildRules = (
			);
			dependencies = (
			);
			name = Instamap;
			productName = Instamap;
			productReference = 36015FF9156145B500FE589D /* Instamap.app */;
			productType = "com.apple.product-type.application";
		};
		36016019156145B500FE589D /* InstamapTests */ = {
			isa = PBXNativeTarget;
			buildConfigurationList = 3601602F156145B500FE589D /* Build configuration list for PBXNativeTarget "InstamapTests" */;
			buildPhases = (
				36016015156145B500FE589D /* Sources */,
				36016016156145B500FE589D /* Frameworks */,
				36016017156145B500FE589D /* Resources */,
				36016018156145B500FE589D /* ShellScript */,
			);
			buildRules = (
			);
			dependencies = (
				36016020156145B500FE589D /* PBXTargetDependency */,
			);
			name = InstamapTests;
			productName = InstamapTests;
			productReference = 3601601A156145B500FE589D /* InstamapTests.octest */;
			productType = "com.apple.product-type.bundle";
		};
/* End PBXNativeTarget section */

/* Begin PBXProject section */
		36015FF0156145B500FE589D /* Project object */ = {
			isa = PBXProject;
			attributes = {
				LastUpgradeCheck = 0430;
				ORGANIZATIONNAME = "Jiří Urbášek";
			};
			buildConfigurationList = 36015FF3156145B500FE589D /* Build configuration list for PBXProject "Instamap" */;
			compatibilityVersion = "Xcode 3.2";
			developmentRegion = English;
			hasScannedForEncodings = 0;
			knownRegions = (
				en,
			);
			mainGroup = 36015FEE156145B500FE589D;
			productRefGroup = 36015FFA156145B500FE589D /* Products */;
			projectDirPath = "";
			projectRoot = "";
			targets = (
				36015FF8156145B500FE589D /* Instamap */,
				36016019156145B500FE589D /* InstamapTests */,
			);
		};
/* End PBXProject section */

/* Begin PBXResourcesBuildPhase section */
		36015FF7156145B500FE589D /* Resources */ = {
			isa = PBXResourcesBuildPhase;
			buildActionMask = 2147483647;
			files = (
				36016008156145B500FE589D /* InfoPlist.strings in Resources */,
				36016011156145B500FE589D /* MainStoryboard.storyboard in Resources */,
			);
			runOnlyForDeploymentPostprocessing = 0;
		};
		36016017156145B500FE589D /* Resources */ = {
			isa = PBXResourcesBuildPhase;
			buildActionMask = 2147483647;
			files = (
				36016026156145B500FE589D /* InfoPlist.strings in Resources */,
			);
			runOnlyForDeploymentPostprocessing = 0;
		};
/* End PBXResourcesBuildPhase section */

/* Begin PBXShellScriptBuildPhase section */
		36016018156145B500FE589D /* ShellScript */ = {
			isa = PBXShellScriptBuildPhase;
			buildActionMask = 2147483647;
			files = (
			);
			inputPaths = (
			);
			outputPaths = (
			);
			runOnlyForDeploymentPostprocessing = 0;
			shellPath = /bin/sh;
			shellScript = "# Run the unit tests in this test bundle.\n\"${SYSTEM_DEVELOPER_DIR}/Tools/RunUnitTests\"\n";
		};
/* End PBXShellScriptBuildPhase section */

/* Begin PBXSourcesBuildPhase section */
		36015FF5156145B500FE589D /* Sources */ = {
			isa = PBXSourcesBuildPhase;
			buildActionMask = 2147483647;
			files = (
				3601600A156145B500FE589D /* main.m in Sources */,
				3601600E156145B500FE589D /* AppDelegate.m in Sources */,
				36016014156145B500FE589D /* ViewController.m in Sources */,
				360160361561472D00FE589D /* JUInstagramAPI.m in Sources */,
				3660B79C15849021007DA074 /* PhotoPinView.m in Sources */,
				3660B79F15849394007DA074 /* JUInstagramAPIPhotoObject.m in Sources */,
			);
			runOnlyForDeploymentPostprocessing = 0;
		};
		36016015156145B500FE589D /* Sources */ = {
			isa = PBXSourcesBuildPhase;
			buildActionMask = 2147483647;
			files = (
				36016029156145B500FE589D /* InstamapTests.m in Sources */,
			);
			runOnlyForDeploymentPostprocessing = 0;
		};
/* End PBXSourcesBuildPhase section */

/* Begin PBXTargetDependency section */
		36016020156145B500FE589D /* PBXTargetDependency */ = {
			isa = PBXTargetDependency;
			target = 36015FF8156145B500FE589D /* Instamap */;
			targetProxy = 3601601F156145B500FE589D /* PBXContainerItemProxy */;
		};
/* End PBXTargetDependency section */

/* Begin PBXVariantGroup section */
		36016006156145B500FE589D /* InfoPlist.strings */ = {
			isa = PBXVariantGroup;
			children = (
				36016007156145B500FE589D /* en */,
			);
			name = InfoPlist.strings;
			sourceTree = "<group>";
		};
		3601600F156145B500FE589D /* MainStoryboard.storyboard */ = {
			isa = PBXVariantGroup;
			children = (
				36016010156145B500FE589D /* en */,
			);
			name = MainStoryboard.storyboard;
			sourceTree = "<group>";
		};
		36016024156145B500FE589D /* InfoPlist.strings */ = {
			isa = PBXVariantGroup;
			children = (
				36016025156145B500FE589D /* en */,
			);
			name = InfoPlist.strings;
			sourceTree = "<group>";
		};
/* End PBXVariantGroup section */

/* Begin XCBuildConfiguration section */
		3601602A156145B500FE589D /* Debug */ = {
			isa = XCBuildConfiguration;
			buildSettings = {
				ARCHS = "$(ARCHS_STANDARD_32_BIT)";
				CLANG_ENABLE_OBJC_ARC = YES;
				"CODE_SIGN_IDENTITY[sdk=iphoneos*]" = "iPhone Developer";
				COPY_PHASE_STRIP = NO;
				GCC_C_LANGUAGE_STANDARD = gnu99;
				GCC_DYNAMIC_NO_PIC = NO;
				GCC_OPTIMIZATION_LEVEL = 0;
				GCC_PREPROCESSOR_DEFINITIONS = (
					"DEBUG=1",
					"$(inherited)",
				);
				GCC_SYMBOLS_PRIVATE_EXTERN = NO;
				GCC_VERSION = com.apple.compilers.llvm.clang.1_0;
				GCC_WARN_ABOUT_RETURN_TYPE = YES;
				GCC_WARN_UNINITIALIZED_AUTOS = YES;
				GCC_WARN_UNUSED_VARIABLE = YES;
				HEADER_SEARCH_PATHS = "\"$(BUILT_PRODUCTS_DIR)/../../Headers\"/**";
				IPHONEOS_DEPLOYMENT_TARGET = 5.1;
				OTHER_LDFLAGS = (
					"-ObjC",
					"-all_load",
				);
				SDKROOT = iphoneos;
			};
			name = Debug;
		};
		3601602B156145B500FE589D /* Release */ = {
			isa = XCBuildConfiguration;
			buildSettings = {
				ARCHS = "$(ARCHS_STANDARD_32_BIT)";
				CLANG_ENABLE_OBJC_ARC = YES;
				"CODE_SIGN_IDENTITY[sdk=iphoneos*]" = "iPhone Developer";
				COPY_PHASE_STRIP = YES;
				GCC_C_LANGUAGE_STANDARD = gnu99;
				GCC_VERSION = com.apple.compilers.llvm.clang.1_0;
				GCC_WARN_ABOUT_RETURN_TYPE = YES;
				GCC_WARN_UNINITIALIZED_AUTOS = YES;
				GCC_WARN_UNUSED_VARIABLE = YES;
				HEADER_SEARCH_PATHS = "\"$(BUILT_PRODUCTS_DIR)/../../Headers\"";
				IPHONEOS_DEPLOYMENT_TARGET = 5.1;
				OTHER_CFLAGS = "-DNS_BLOCK_ASSERTIONS=1";
				OTHER_LDFLAGS = (
					"-ObjC",
					"-all_load",
				);
				SDKROOT = iphoneos;
				VALIDATE_PRODUCT = YES;
			};
			name = Release;
		};
		3601602D156145B500FE589D /* Debug */ = {
			isa = XCBuildConfiguration;
			buildSettings = {
				GCC_PRECOMPILE_PREFIX_HEADER = YES;
				GCC_PREFIX_HEADER = "Instamap/Instamap-Prefix.pch";
				HEADER_SEARCH_PATHS = "\"$(BUILT_PRODUCTS_DIR)/../../Headers\"/**";
				INFOPLIST_FILE = "Instamap/Instamap-Info.plist";
				PRODUCT_NAME = "$(TARGET_NAME)";
				USER_HEADER_SEARCH_PATHS = "\"$(BUILT_PRODUCTS_DIR)/../../Headers\"/**";
				WRAPPER_EXTENSION = app;
			};
			name = Debug;
		};
		3601602E156145B500FE589D /* Release */ = {
			isa = XCBuildConfiguration;
			buildSettings = {
				GCC_PRECOMPILE_PREFIX_HEADER = YES;
				GCC_PREFIX_HEADER = "Instamap/Instamap-Prefix.pch";
				HEADER_SEARCH_PATHS = "\"$(BUILT_PRODUCTS_DIR)/../../Headers\"/**";
				INFOPLIST_FILE = "Instamap/Instamap-Info.plist";
				PRODUCT_NAME = "$(TARGET_NAME)";
				USER_HEADER_SEARCH_PATHS = "\"$(BUILT_PRODUCTS_DIR)/../../Headers\"/**";
				WRAPPER_EXTENSION = app;
			};
			name = Release;
		};
		36016030156145B500FE589D /* Debug */ = {
			isa = XCBuildConfiguration;
			buildSettings = {
				BUNDLE_LOADER = "$(BUILT_PRODUCTS_DIR)/Instamap.app/Instamap";
				FRAMEWORK_SEARCH_PATHS = (
					"$(SDKROOT)/Developer/Library/Frameworks",
					"$(DEVELOPER_LIBRARY_DIR)/Frameworks",
				);
				GCC_PRECOMPILE_PREFIX_HEADER = YES;
				GCC_PREFIX_HEADER = "Instamap/Instamap-Prefix.pch";
				INFOPLIST_FILE = "InstamapTests/InstamapTests-Info.plist";
				PRODUCT_NAME = "$(TARGET_NAME)";
				TEST_HOST = "$(BUNDLE_LOADER)";
				WRAPPER_EXTENSION = octest;
			};
			name = Debug;
		};
		36016031156145B500FE589D /* Release */ = {
			isa = XCBuildConfiguration;
			buildSettings = {
				BUNDLE_LOADER = "$(BUILT_PRODUCTS_DIR)/Instamap.app/Instamap";
				FRAMEWORK_SEARCH_PATHS = (
					"$(SDKROOT)/Developer/Library/Frameworks",
					"$(DEVELOPER_LIBRARY_DIR)/Frameworks",
				);
				GCC_PRECOMPILE_PREFIX_HEADER = YES;
				GCC_PREFIX_HEADER = "Instamap/Instamap-Prefix.pch";
				INFOPLIST_FILE = "InstamapTests/InstamapTests-Info.plist";
				PRODUCT_NAME = "$(TARGET_NAME)";
				TEST_HOST = "$(BUNDLE_LOADER)";
				WRAPPER_EXTENSION = octest;
			};
			name = Release;
		};
/* End XCBuildConfiguration section */

/* Begin XCConfigurationList section */
		36015FF3156145B500FE589D /* Build configuration list for PBXProject "Instamap" */ = {
			isa = XCConfigurationList;
			buildConfigurations = (
				3601602A156145B500FE589D /* Debug */,
				3601602B156145B500FE589D /* Release */,
			);
			defaultConfigurationIsVisible = 0;
			defaultConfigurationName = Release;
		};
		3601602C156145B500FE589D /* Build configuration list for PBXNativeTarget "Instamap" */ = {
			isa = XCConfigurationList;
			buildConfigurations = (
				3601602D156145B500FE589D /* Debug */,
				3601602E156145B500FE589D /* Release */,
			);
			defaultConfigurationIsVisible = 0;
			defaultConfigurationName = Release;
		};
		3601602F156145B500FE589D /* Build configuration list for PBXNativeTarget "InstamapTests" */ = {
			isa = XCConfigurationList;
			buildConfigurations = (
				36016030156145B500FE589D /* Debug */,
				36016031156145B500FE589D /* Release */,
			);
			defaultConfigurationIsVisible = 0;
			defaultConfigurationName = Release;
		};
/* End XCConfigurationList section */
	};
	rootObject = 36015FF0156145B500FE589D /* Project object */;
}
